{
  "name": "personalsiteanddemos",
  "version": "1.0.0",
  "lockfileVersion": 2,
  "requires": true,
  "packages": {
    "": {
      "name": "personalsiteanddemos",
      "version": "1.0.0",
      "license": "GNU-3.0",
      "dependencies": {
        "node-color-log": "^9.0.0"
      }
    },
    "node_modules/node-color-log": {
      "version": "9.0.0",
      "resolved": "https://registry.npmjs.org/node-color-log/-/node-color-log-9.0.0.tgz",
      "integrity": "sha512-OtAY/fEbVGMhzoabaMj5AmhaLvFc230t0Iv0jvDvt8I/p6vK3F7bGIVNYzUcFTJQkjPJC/hZIA8Zt4aScBBzbA=="
    }
  },
  "dependencies": {
    "node-color-log": {
      "version": "9.0.0",
      "resolved": "https://registry.npmjs.org/node-color-log/-/node-color-log-9.0.0.tgz",
      "integrity": "sha512-OtAY/fEbVGMhzoabaMj5AmhaLvFc230t0Iv0jvDvt8I/p6vK3F7bGIVNYzUcFTJQkjPJC/hZIA8Zt4aScBBzbA=="
    }
  }
}
